Microsoft Visual Studio Solution File, Format Version 12.00
# Visual Studio Version 17
VisualStudioVersion = 17.5.2.0
MinimumVisualStudioVersion = 10.0.40219.1
Project("{FAE04EC0-301F-11D3-BF4B-00C04F79EFBC}") = "blink", "blink.csproj", "{50450D47-342F-EFE0-3C6E-6BA6E214BACE}"
EndProject
Global
	GlobalSection(SolutionConfigurationPlatforms) = preSolution
		Debug|Any CPU = Debug|Any CPU
		Release|Any CPU = Release|Any CPU
	EndGlobalSection
	GlobalSection(ProjectConfigurationPlatforms) = postSolution
		{50450D47-342F-EFE0-3C6E-6BA6E214BACE}.Debug|Any CPU.ActiveCfg = Debug|Any CPU
		{50450D47-342F-EFE0-3C6E-6BA6E214BACE}.Debug|Any CPU.Build.0 = Debug|Any CPU
		{50450D47-342F-EFE0-3C6E-6BA6E214BACE}.Release|Any CPU.ActiveCfg = Release|Any CPU
		{50450D47-342F-EFE0-3C6E-6BA6E214BACE}.Release|Any CPU.Build.0 = Release|Any CPU
	EndGlobalSection
	GlobalSection(SolutionProperties) = preSolution
		HideSolutionNode = FALSE
	EndGlobalSection
	GlobalSection(ExtensibilityGlobals) = postSolution
		SolutionGuid = {33C15046-25A3-4BA1-AE32-649767044A78}
	EndGlobalSection
EndGlobal
